
Microsoft Visual Studio Solution File, Format Version 12.00
# Visual Studio Version 16
VisualStudioVersion = 16.0.0.0
MinimumVisualStudioVersion = 16.0.0.0
Project("{9A19103F-16F7-4668-BE54-9A1E7A4F7556}") = "StrideConfigurationReference.Windows", "StrideConfigurationReference.Windows\StrideConfigurationReference.Windows.csproj", "{0C3EC0F4-A0A2-476A-901D-297BFD530201}"
EndProject
Project("{9A19103F-16F7-4668-BE54-9A1E7A4F7556}") = "StrideConfigurationReference", "StrideConfigurationReference\StrideConfigurationReference.csproj", "{6AD06A0D-1F2C-42BB-B5A1-C215742773CB}"
EndProject
Global
	GlobalSection(SolutionConfigurationPlatforms) = preSolution
		Debug|Any CPU = Debug|Any CPU
		Release|Any CPU = Release|Any CPU
	EndGlobalSection
	GlobalSection(ProjectConfigurationPlatforms) = postSolution
		{0C3EC0F4-A0A2-476A-901D-297BFD530201}.Debug|Any CPU.ActiveCfg = Debug|Any CPU
		{0C3EC0F4-A0A2-476A-901D-297BFD530201}.Debug|Any CPU.Build.0 = Debug|Any CPU
		{0C3EC0F4-A0A2-476A-901D-297BFD530201}.Release|Any CPU.ActiveCfg = Release|Any CPU
		{0C3EC0F4-A0A2-476A-901D-297BFD530201}.Release|Any CPU.Build.0 = Release|Any CPU
		{6AD06A0D-1F2C-42BB-B5A1-C215742773CB}.Debug|Any CPU.ActiveCfg = Debug|Any CPU
		{6AD06A0D-1F2C-42BB-B5A1-C215742773CB}.Debug|Any CPU.Build.0 = Debug|Any CPU
		{6AD06A0D-1F2C-42BB-B5A1-C215742773CB}.Release|Any CPU.ActiveCfg = Release|Any CPU
		{6AD06A0D-1F2C-42BB-B5A1-C215742773CB}.Release|Any CPU.Build.0 = Release|Any CPU
	EndGlobalSection
	GlobalSection(SolutionProperties) = preSolution
		HideSolutionNode = FALSE
	EndGlobalSection
	GlobalSection(ExtensibilityGlobals) = postSolution
		SolutionGuid = {18DF2118-F007-4590-87B2-0F5661A457EC}
	EndGlobalSection
EndGlobal
